
Microsoft Visual Studio Solution File, Format Version 12.00
# Visual Studio Version 17
VisualStudioVersion = 17.0.31903.59
MinimumVisualStudioVersion = 10.0.40219.1
Project("{FAE04EC0-301F-11D3-BF4B-00C04F79EFBC}") = "FilesMVC", "FilesMVC.csproj", "{8A9E4AD9-5ABE-4430-AD77-3BE09BEE7CE3}"
EndProject
Global
	GlobalSection(SolutionConfigurationPlatforms) = preSolution
		Debug|Any CPU = Debug|Any CPU
		Release|Any CPU = Release|Any CPU
	EndGlobalSection
	GlobalSection(ProjectConfigurationPlatforms) = postSolution
		{8A9E4AD9-5ABE-4430-AD77-3BE09BEE7CE3}.Debug|Any CPU.ActiveCfg = Debug|Any CPU
		{8A9E4AD9-5ABE-4430-AD77-3BE09BEE7CE3}.Debug|Any CPU.Build.0 = Debug|Any CPU
		{8A9E4AD9-5ABE-4430-AD77-3BE09BEE7CE3}.Release|Any CPU.ActiveCfg = Release|Any CPU
		{8A9E4AD9-5ABE-4430-AD77-3BE09BEE7CE3}.Release|Any CPU.Build.0 = Release|Any CPU
	EndGlobalSection
	GlobalSection(SolutionProperties) = preSolution
		HideSolutionNode = FALSE
	EndGlobalSection
	GlobalSection(ExtensibilityGlobals) = postSolution
		SolutionGuid = {506DB0D3-E646-4ED3-94AD-08494036BDAE}
	EndGlobalSection
EndGlobal
